// !$*UTF8*$!
{
	archiveVersion = 1;
	classes = {
	};
	objectVersion = 50;
	objects = {

/* Begin PBXBuildFile section */
		464AD634221BBE2E00274CBA /* AppDelegate.swift in Sources */ = {isa = PBXBuildFile; fileRef = 464AD633221BBE2E00274CBA /* AppDelegate.swift */; };
		464AD636221BBE2E00274CBA /* ViewController.swift in Sources */ = {isa = PBXBuildFile; fileRef = 464AD635221BBE2E00274CBA /* ViewController.swift */; };
		464AD639221BBE2F00274CBA /* Main.storyboard in Resources */ = {isa = PBXBuildFile; fileRef = 464AD637221BBE2F00274CBA /* Main.storyboard */; };
		464AD63B221BBE3500274CBA /* Assets.xcassets in Resources */ = {isa = PBXBuildFile; fileRef = 464AD63A221BBE3500274CBA /* Assets.xcassets */; };
		464AD63E221BBE3500274CBA /* LaunchScreen.storyboard in Resources */ = {isa = PBXBuildFile; fileRef = 464AD63C221BBE3500274CBA /* LaunchScreen.storyboard */; };
		575B929BACCCFBC4576A4D54 /* Pods_RadioButtonExample.framework in Frameworks */ = {isa = PBXBuildFile; fileRef = BFFDA2F72EBCF5A2BD4B107E /* Pods_RadioButtonExample.framework */; };
/* End PBXBuildFile section */

/* Begin PBXFileReference section */
		12B88616B2429711903F4EAA /* Pods-RadioButtonExample.debug.xcconfig */ = {isa = PBXFileReference; includeInIndex = 1; lastKnownFileType = text.xcconfig; name = "Pods-RadioButtonExample.debug.xcconfig"; path = "Pods/Target Support Files/Pods-RadioButtonExample/Pods-RadioButtonExample.debug.xcconfig"; sourceTree = "<group>"; };
		464AD630221BBE2E00274CBA /* RadioButtonExample.app */ = {isa = PBXFileReference; explicitFileType = wrapper.application; includeInIndex = 0; path = RadioButtonExample.app; sourceTree = BUILT_PRODUCTS_DIR; };
		464AD633221BBE2E00274CBA /* AppDelegate.swift */ = {isa = PBXFileReference; lastKnownFileType = sourcecode.swift; path = AppDelegate.swift; sourceTree = "<group>"; };
		464AD635221BBE2E00274CBA /* ViewController.swift */ = {isa = PBXFileReference; lastKnownFileType = sourcecode.swift; path = ViewController.swift; sourceTree = "<group>"; };
		464AD638221BBE2F00274CBA /* Base */ = {isa = PBXFileReference; lastKnownFileType = file.storyboard; name = Base; path = Base.lproj/Main.storyboard; sourceTree = "<group>"; };
		464AD63A221BBE3500274CBA /* Assets.xcassets */ = {isa = PBXFileReference; lastKnownFileType = folder.assetcatalog; path = Assets.xcassets; sourceTree = "<group>"; };
		464AD63D221BBE3500274CBA /* Base */ = {isa = PBXFileReference; lastKnownFileType = file.storyboard; name = Base; path = Base.lproj/LaunchScreen.storyboard; sourceTree = "<group>"; };
		464AD63F221BBE3500274CBA /* Info.plist */ = {isa = PBXFileReference; lastKnownFileType = text.plist.xml; path = Info.plist; sourceTree = "<group>"; };
		9029D2E746F844F7D5B8659D /* Pods-RadioButtonExample.release.xcconfig */ = {isa = PBXFileReference; includeInIndex = 1; lastKnownFileType = text.xcconfig; name = "Pods-RadioButtonExample.release.xcconfig"; path = "Pods/Target Support Files/Pods-RadioButtonExample/Pods-RadioButtonExample.release.xcconfig"; sourceTree = "<group>"; };
		BFFDA2F72EBCF5A2BD4B107E /* Pods_RadioButtonExample.framework */ = {isa = PBXFileReference; explicitFileType = wrapper.framework; includeInIndex = 0; path = Pods_RadioButtonExample.framework; sourceTree = BUILT_PRODUCTS_DIR; };
/* End PBXFileReference section */

/* Begin PBXFrameworksBuildPhase section */
		464AD62D221BBE2E00274CBA /* Frameworks */ = {
			isa = PBXFrameworksBuildPhase;
			buildActionMask = 2147483647;
			files = (
				575B929BACCCFBC4576A4D54 /* Pods_RadioButtonExample.framework in Frameworks */,
			);
			runOnlyForDeploymentPostprocessing = 0;
		};
/* End PBXFrameworksBuildPhase section */

/* Begin PBXGroup section */
		464AD627221BBE2E00274CBA = {
			isa = PBXGroup;
			children = (
				464AD632221BBE2E00274CBA /* RadioButtonExample */,
				464AD631221BBE2E00274CBA /* Products */,
				532FF8C1123FA5EFCC51B682 /* Pods */,
				DD25B05009D03B2BDC43A9D8 /* Frameworks */,
			);
			sourceTree = "<group>";
		};
		464AD631221BBE2E00274CBA /* Products */ = {
			isa = PBXGroup;
			children = (
				464AD630221BBE2E00274CBA /* RadioButtonExample.app */,
			);
			name = Products;
			sourceTree = "<group>";
		};
		464AD632221BBE2E00274CBA /* RadioButtonExample */ = {
			isa = PBXGroup;
			children = (
				464AD633221BBE2E00274CBA /* AppDelegate.swift */,
				464AD635221BBE2E00274CBA /* ViewController.swift */,
				464AD637221BBE2F00274CBA /* Main.storyboard */,
				464AD63A221BBE3500274CBA /* Assets.xcassets */,
				464AD63C221BBE3500274CBA /* LaunchScreen.storyboard */,
				464AD63F221BBE3500274CBA /* Info.plist */,
			);
			path = RadioButtonExample;
			sourceTree = "<group>";
		};
		532FF8C1123FA5EFCC51B682 /* Pods */ = {
			isa = PBXGroup;
			children = (
				12B88616B2429711903F4EAA /* Pods-RadioButtonExample.debug.xcconfig */,
				9029D2E746F844F7D5B8659D /* Pods-RadioButtonExample.release.xcconfig */,
			);
			name = Pods;
			sourceTree = "<group>";
		};
		DD25B05009D03B2BDC43A9D8 /* Frameworks */ = {
			isa = PBXGroup;
			children = (
				BFFDA2F72EBCF5A2BD4B107E /* Pods_RadioButtonExample.framework */,
			);
			name = Frameworks;
			sourceTree = "<group>";
		};
/* End PBXGroup section */

/* Begin PBXNativeTarget section */
		464AD62F221BBE2E00274CBA /* RadioButtonExample */ = {
			isa = PBXNativeTarget;
			buildConfigurationList = 464AD642221BBE3500274CBA /* Build configuration list for PBXNativeTarget "RadioButtonExample" */;
			buildPhases = (
				D357987C57FE669CBF3FB017 /* [CP] Check Pods Manifest.lock */,
				464AD62C221BBE2E00274CBA /* Sources */,
				464AD62D221BBE2E00274CBA /* Frameworks */,
				464AD62E221BBE2E00274CBA /* Resources */,
				BCC4D0468595BB57A97B2D90 /* [CP] Embed Pods Frameworks */,
			);
			buildRules = (
			);
			dependencies = (
			);
			name = RadioButtonExample;
			productName = RadioButtonExample;
			productReference = 464AD630221BBE2E00274CBA /* RadioButtonExample.app */;
			productType = "com.apple.product-type.application";
		};
/* End PBXNativeTarget section */

/* Begin PBXProject section */
		464AD628221BBE2E00274CBA /* Project object */ = {
			isa = PBXProject;
			attributes = {
				LastSwiftUpdateCheck = 1010;
				LastUpgradeCheck = 1010;
				ORGANIZATIONNAME = "Mayank Rikh";
				TargetAttributes = {
					464AD62F221BBE2E00274CBA = {
						CreatedOnToolsVersion = 10.1;
					};
				};
			};
			buildConfigurationList = 464AD62B221BBE2E00274CBA /* Build configuration list for PBXProject "RadioButtonExample" */;
			compatibilityVersion = "Xcode 9.3";
			developmentRegion = en;
			hasScannedForEncodings = 0;
			knownRegions = (
				en,
				Base,
			);
			mainGroup = 464AD627221BBE2E00274CBA;
			productRefGroup = 464AD631221BBE2E00274CBA /* Products */;
			projectDirPath = "";
			projectRoot = "";
			targets = (
				464AD62F221BBE2E00274CBA /* RadioButtonExample */,
			);
		};
/* End PBXProject section */

/* Begin PBXResourcesBuildPhase section */
		464AD62E221BBE2E00274CBA /* Resources */ = {
			isa = PBXResourcesBuildPhase;
			buildActionMask = 2147483647;
			files = (
				464AD63E221BBE3500274CBA /* LaunchScreen.storyboard in Resources */,
				464AD63B221BBE3500274CBA /* Assets.xcassets in Resources */,
				464AD639221BBE2F00274CBA /* Main.storyboard in Resources */,
			);
			runOnlyForDeploymentPostprocessing = 0;
		};
/* End PBXResourcesBuildPhase section */

/* Begin PBXShellScriptBuildPhase section */
		BCC4D0468595BB57A97B2D90 /* [CP] Embed Pods Frameworks */ = {
			isa = PBXShellScriptBuildPhase;
			buildActionMask = 2147483647;
			files = (
			);
			inputFileListPaths = (
			);
			inputPaths = (
				"${SRCROOT}/Pods/Target Support Files/Pods-RadioButtonExample/Pods-RadioButtonExample-frameworks.sh",
				"${BUILT_PRODUCTS_DIR}/MRRadioButton/MRRadioButton.framework",
			);
			name = "[CP] Embed Pods Frameworks";
			outputFileListPaths = (
			);
			outputPaths = (
				"${TARGET_BUILD_DIR}/${FRAMEWORKS_FOLDER_PATH}/MRRadioButton.framework",
			);
			runOnlyForDeploymentPostprocessing = 0;
			shellPath = /bin/sh;
			shellScript = "\"${SRCROOT}/Pods/Target Support Files/Pods-RadioButtonExample/Pods-RadioButtonExample-frameworks.sh\"\n";
			showEnvVarsInLog = 0;
		};
		D357987C57FE669CBF3FB017 /* [CP] Check Pods Manifest.lock */ = {
			isa = PBXShellScriptBuildPhase;
			buildActionMask = 2147483647;
			files = (
			);
			inputFileListPaths = (
			);
			inputPaths = (
				"${PODS_PODFILE_DIR_PATH}/Podfile.lock",
				"${PODS_ROOT}/Manifest.lock",
			);
			name = "[CP] Check Pods Manifest.lock";
			outputFileListPaths = (
			);
			outputPaths = (
				"$(DERIVED_FILE_DIR)/Pods-RadioButtonExample-checkManifestLockResult.txt",
			);
			runOnlyForDeploymentPostprocessing = 0;
			shellPath = /bin/sh;
			shellScript = "diff \"${PODS_PODFILE_DIR_PATH}/Podfile.lock\" \"${PODS_ROOT}/Manifest.lock\" > /dev/null\nif [ $? != 0 ] ; then\n    # print error to STDERR\n    echo \"error: The sandbox is not in sync with the Podfile.lock. Run 'pod install' or update your CocoaPods installation.\" >&2\n    exit 1\nfi\n# This output is used by Xcode 'outputs' to avoid re-running this script phase.\necho \"SUCCESS\" > \"${SCRIPT_OUTPUT_FILE_0}\"\n";
			showEnvVarsInLog = 0;
		};
/* End PBXShellScriptBuildPhase section */

/* Begin PBXSourcesBuildPhase section */
		464AD62C221BBE2E00274CBA /* Sources */ = {
			isa = PBXSourcesBuildPhase;
			buildActionMask = 2147483647;
			files = (
				464AD636221BBE2E00274CBA /* ViewController.swift in Sources */,
				464AD634221BBE2E00274CBA /* AppDelegate.swift in Sources */,
			);
			runOnlyForDeploymentPostprocessing = 0;
		};
/* End PBXSourcesBuildPhase section */

/* Begin PBXVariantGroup section */
		464AD637221BBE2F00274CBA /* Main.storyboard */ = {
			isa = PBXVariantGroup;
			children = (
				464AD638221BBE2F00274CBA /* Base */,
			);
			name = Main.storyboard;
			sourceTree = "<group>";
		};
		464AD63C221BBE3500274CBA /* LaunchScreen.storyboard */ = {
			isa = PBXVariantGroup;
			children = (
				464AD63D221BBE3500274CBA /* Base */,
			);
			name = LaunchScreen.storyboard;
			sourceTree = "<group>";
		};
/* End PBXVariantGroup section */

/* Begin XCBuildConfiguration section */
		464AD640221BBE3500274CBA /* Debug */ = {
			isa = XCBuildConfiguration;
			buildSettings = {
				ALWAYS_SEARCH_USER_PATHS = NO;
				CLANG_ANALYZER_NONNULL = YES;
				CLANG_ANALYZER_NUMBER_OBJECT_CONVERSION = YES_AGGRESSIVE;
				CLANG_CXX_LANGUAGE_STANDARD = "gnu++14";
				CLANG_CXX_LIBRARY = "libc++";
				CLANG_ENABLE_MODULES = YES;
				CLANG_ENABLE_OBJC_ARC = YES;
				CLANG_ENABLE_OBJC_WEAK = YES;
				CLANG_WARN_BLOCK_CAPTURE_AUTORELEASING = YES;
				CLANG_WARN_BOOL_CONVERSION = YES;
				CLANG_WARN_COMMA = YES;
				CLANG_WARN_CONSTANT_CONVERSION = YES;
				CLANG_WARN_DEPRECATED_OBJC_IMPLEMENTATIONS = YES;
				CLANG_WARN_DIRECT_OBJC_ISA_USAGE = YES_ERROR;
				CLANG_WARN_DOCUMENTATION_COMMENTS = YES;
				CLANG_WARN_EMPTY_BODY = YES;
				CLANG_WARN_ENUM_CONVERSION = YES;
				CLANG_WARN_INFINITE_RECURSION = YES;
				CLANG_WARN_INT_CONVERSION = YES;
				CLANG_WARN_NON_LITERAL_NULL_CONVERSION = YES;
				CLANG_WARN_OBJC_IMPLICIT_RETAIN_SELF = YES;
				CLANG_WARN_OBJC_LITERAL_CONVERSION = YES;
				CLANG_WARN_OBJC_ROOT_CLASS = YES_ERROR;
				CLANG_WARN_RANGE_LOOP_ANALYSIS = YES;
				CLANG_WARN_STRICT_PROTOTYPES = YES;
				CLANG_WARN_SUSPICIOUS_MOVE = YES;
				CLANG_WARN_UNGUARDED_AVAILABILITY = YES_AGGRESSIVE;
				CLANG_WARN_UNREACHABLE_CODE = YES;
				CLANG_WARN__DUPLICATE_METHOD_MATCH = YES;
				CODE_SIGN_IDENTITY = "iPhone Developer";
				COPY_PHASE_STRIP = NO;
				DEBUG_INFORMATION_FORMAT = dwarf;
				ENABLE_STRICT_OBJC_MSGSEND = YES;
				ENABLE_TESTABILITY = YES;
				GCC_C_LANGUAGE_STANDARD = gnu11;
				GCC_DYNAMIC_NO_PIC = NO;
				GCC_NO_COMMON_BLOCKS = YES;
				GCC_OPTIMIZATION_LEVEL = 0;
				GCC_PREPROCESSOR_DEFINITIONS = (
					"DEBUG=1",
					"$(inherited)",
				);
				GCC_WARN_64_TO_32_BIT_CONVERSION = YES;
				GCC_WARN_ABOUT_RETURN_TYPE = YES_ERROR;
				GCC_WARN_UNDECLARED_SELECTOR = YES;
				GCC_WARN_UNINITIALIZED_AUTOS = YES_AGGRESSIVE;
				GCC_WARN_UNUSED_FUNCTION = YES;
				GCC_WARN_UNUSED_VARIABLE = YES;
				IPHONEOS_DEPLOYMENT_TARGET = 12.1;
				MTL_ENABLE_DEBUG_INFO = INCLUDE_SOURCE;
				MTL_FAST_MATH = YES;
				ONLY_ACTIVE_ARCH = YES;
				SDKROOT = iphoneos;
				SWIFT_ACTIVE_COMPILATION_CONDITIONS = DEBUG;
				SWIFT_OPTIMIZATION_LEVEL = "-Onone";
			};
			name = Debug;
		};
		464AD641221BBE3500274CBA /* Release */ = {
			isa = XCBuildConfiguration;
			buildSettings = {
				ALWAYS_SEARCH_USER_PATHS = NO;
				CLANG_ANALYZER_NONNULL = YES;
				CLANG_ANALYZER_NUMBER_OBJECT_CONVERSION = YES_AGGRESSIVE;
				CLANG_CXX_LANGUAGE_STANDARD = "gnu++14";
				CLANG_CXX_LIBRARY = "libc++";
				CLANG_ENABLE_MODULES = YES;
				CLANG_ENABLE_OBJC_ARC = YES;
				CLANG_ENABLE_OBJC_WEAK = YES;
				CLANG_WARN_BLOCK_CAPTURE_AUTORELEASING = YES;
				CLANG_WARN_BOOL_CONVERSION = YES;
				CLANG_WARN_COMMA = YES;
				CLANG_WARN_CONSTANT_CONVERSION = YES;
				CLANG_WARN_DEPRECATED_OBJC_IMPLEMENTATIONS = YES;
				CLANG_WARN_DIRECT_OBJC_ISA_USAGE = YES_ERROR;
				CLANG_WARN_DOCUMENTATION_COMMENTS = YES;
				CLANG_WARN_EMPTY_BODY = YES;
				CLANG_WARN_ENUM_CONVERSION = YES;
				CLANG_WARN_INFINITE_RECURSION = YES;
				CLANG_WARN_INT_CONVERSION = YES;
				CLANG_WARN_NON_LITERAL_NULL_CONVERSION = YES;
				CLANG_WARN_OBJC_IMPLICIT_RETAIN_SELF = YES;
				CLANG_WARN_OBJC_LITERAL_CONVERSION = YES;
				CLANG_WARN_OBJC_ROOT_CLASS = YES_ERROR;
				CLANG_WARN_RANGE_LOOP_ANALYSIS = YES;
				CLANG_WARN_STRICT_PROTOTYPES = YES;
				CLANG_WARN_SUSPICIOUS_MOVE = YES;
				CLANG_WARN_UNGUARDED_AVAILABILITY = YES_AGGRESSIVE;
				CLANG_WARN_UNREACHABLE_CODE = YES;
				CLANG_WARN__DUPLICATE_METHOD_MATCH = YES;
				CODE_SIGN_IDENTITY = "iPhone Developer";
				COPY_PHASE_STRIP = NO;
				DEBUG_INFORMATION_FORMAT = "dwarf-with-dsym";
				ENABLE_NS_ASSERTIONS = NO;
				ENABLE_STRICT_OBJC_MSGSEND = YES;
				GCC_C_LANGUAGE_STANDARD = gnu11;
				GCC_NO_COMMON_BLOCKS = YES;
				GCC_WARN_64_TO_32_BIT_CONVERSION = YES;
				GCC_WARN_ABOUT_RETURN_TYPE = YES_ERROR;
				GCC_WARN_UNDECLARED_SELECTOR = YES;
				GCC_WARN_UNINITIALIZED_AUTOS = YES_AGGRESSIVE;
				GCC_WARN_UNUSED_FUNCTION = YES;
				GCC_WARN_UNUSED_VARIABLE = YES;
				IPHONEOS_DEPLOYMENT_TARGET = 12.1;
				MTL_ENABLE_DEBUG_INFO = NO;
				MTL_FAST_MATH = YES;
				SDKROOT = iphoneos;
				SWIFT_COMPILATION_MODE = wholemodule;
				SWIFT_OPTIMIZATION_LEVEL = "-O";
				VALIDATE_PRODUCT = YES;
			};
			name = Release;
		};
		464AD643221BBE3500274CBA /* Debug */ = {
			isa = XCBuildConfiguration;
			baseConfigurationReference = 12B88616B2429711903F4EAA /* Pods-RadioButtonExample.debug.xcconfig */;
			buildSettings = {
				ASSETCATALOG_COMPILER_APPICON_NAME = AppIcon;
				CODE_SIGN_STYLE = Automatic;
				DEVELOPMENT_TEAM = NL38PKJFTM;
				INFOPLIST_FILE = RadioButtonExample/Info.plist;
				IPHONEOS_DEPLOYMENT_TARGET = 10.0;
				LD_RUNPATH_SEARCH_PATHS = (
					"$(inherited)",
					"@executable_path/Frameworks",
				);
				PRODUCT_BUNDLE_IDENTIFIER = com.RadioButtonExample;
				PRODUCT_NAME = "$(TARGET_NAME)";
				SWIFT_VERSION = 4.2;
				TARGETED_DEVICE_FAMILY = "1,2";
			};
			name = Debug;
		};
		464AD644221BBE3500274CBA /* Release */ = {
			isa = XCBuildConfiguration;
			baseConfigurationReference = 9029D2E746F844F7D5B8659D /* Pods-RadioButtonExample.release.xcconfig */;
			buildSettings = {
				ASSETCATALOG_COMPILER_APPICON_NAME = AppIcon;
				CODE_SIGN_STYLE = Automatic;
				DEVELOPMENT_TEAM = NL38PKJFTM;
				INFOPLIST_FILE = RadioButtonExample/Info.plist;
				IPHONEOS_DEPLOYMENT_TARGET = 10.0;
				LD_RUNPATH_SEARCH_PATHS = (
					"$(inherited)",
					"@executable_path/Frameworks",
				);
				PRODUCT_BUNDLE_IDENTIFIER = com.RadioButtonExample;
				PRODUCT_NAME = "$(TARGET_NAME)";
				SWIFT_VERSION = 4.2;
				TARGETED_DEVICE_FAMILY = "1,2";
			};
			name = Release;
		};
/* End XCBuildConfiguration section */

/* Begin XCConfigurationList section */
		464AD62B221BBE2E00274CBA /* Build configuration list for PBXProject "RadioButtonExample" */ = {
			isa = XCConfigurationList;
			buildConfigurations = (
				464AD640221BBE3500274CBA /* Debug */,
				464AD641221BBE3500274CBA /* Release */,
			);
			defaultConfigurationIsVisible = 0;
			defaultConfigurationName = Release;
		};
		464AD642221BBE3500274CBA /* Build configuration list for PBXNativeTarget "RadioButtonExample" */ = {
			isa = XCConfigurationList;
			buildConfigurations = (
				464AD643221BBE3500274CBA /* Debug */,
				464AD644221BBE3500274CBA /* Release */,
			);
			defaultConfigurationIsVisible = 0;
			defaultConfigurationName = Release;
		};
/* End XCConfigurationList section */
	};
	rootObject = 464AD628221BBE2E00274CBA /* Project object */;
}
